// !$*UTF8*$!
{
	archiveVersion = 1;
	classes = {
	};
	objectVersion = 46;
	objects = {

/* Begin PBXBuildFile section */
		2528963E18DA8CEB00ABFF7E /* XCTest.framework in Frameworks */ = {isa = PBXBuildFile; fileRef = 2528963D18DA8CEB00ABFF7E /* XCTest.framework */; };
		2528964418DA8CEB00ABFF7E /* InfoPlist.strings in Resources */ = {isa = PBXBuildFile; fileRef = 2528964218DA8CEB00ABFF7E /* InfoPlist.strings */; };
		2528964618DA8CEB00ABFF7E /* arrayMerge_Tests.m in Sources */ = {isa = PBXBuildFile; fileRef = 2528964518DA8CEB00ABFF7E /* arrayMerge_Tests.m */; };
		2528964D18DA8FD900ABFF7E /* NSMutableArray+ESMutableArrayInsertion.m in Sources */ = {isa = PBXBuildFile; fileRef = 2528963618DA7DDC00ABFF7E /* NSMutableArray+ESMutableArrayInsertion.m */; };
		2528965018DAAB3C00ABFF7E /* ESCustomObject.m in Sources */ = {isa = PBXBuildFile; fileRef = 2528964F18DAAB3C00ABFF7E /* ESCustomObject.m */; };
/* End PBXBuildFile section */

/* Begin PBXFileReference section */
		2528962718DA48C800ABFF7E /* Foundation.framework */ = {isa = PBXFileReference; lastKnownFileType = wrapper.framework; name = Foundation.framework; path = System/Library/Frameworks/Foundation.framework; sourceTree = SDKROOT; };
		2528963518DA7DDC00ABFF7E /* NSMutableArray+ESMutableArrayInsertion.h */ = {isa = PBXFileReference; fileEncoding = 4; lastKnownFileType = sourcecode.c.h; path = "NSMutableArray+ESMutableArrayInsertion.h"; sourceTree = "<group>"; };
		2528963618DA7DDC00ABFF7E /* NSMutableArray+ESMutableArrayInsertion.m */ = {isa = PBXFileReference; fileEncoding = 4; lastKnownFileType = sourcecode.c.objc; path = "NSMutableArray+ESMutableArrayInsertion.m"; sourceTree = "<group>"; };
		2528963C18DA8CEB00ABFF7E /* arrayMerge Tests.xctest */ = {isa = PBXFileReference; explicitFileType = wrapper.cfbundle; includeInIndex = 0; path = "arrayMerge Tests.xctest"; sourceTree = BUILT_PRODUCTS_DIR; };
		2528963D18DA8CEB00ABFF7E /* XCTest.framework */ = {isa = PBXFileReference; lastKnownFileType = wrapper.framework; name = XCTest.framework; path = Library/Frameworks/XCTest.framework; sourceTree = DEVELOPER_DIR; };
		2528964118DA8CEB00ABFF7E /* arrayMerge Tests-Info.plist */ = {isa = PBXFileReference; lastKnownFileType = text.plist.xml; path = "arrayMerge Tests-Info.plist"; sourceTree = "<group>"; };
		2528964318DA8CEB00ABFF7E /* en */ = {isa = PBXFileReference; lastKnownFileType = text.plist.strings; name = en; path = en.lproj/InfoPlist.strings; sourceTree = "<group>"; };
		2528964518DA8CEB00ABFF7E /* arrayMerge_Tests.m */ = {isa = PBXFileReference; lastKnownFileType = sourcecode.c.objc; path = arrayMerge_Tests.m; sourceTree = "<group>"; };
		2528964718DA8CEB00ABFF7E /* arrayMerge Tests-Prefix.pch */ = {isa = PBXFileReference; lastKnownFileType = sourcecode.c.h; path = "arrayMerge Tests-Prefix.pch"; sourceTree = "<group>"; };
		2528964E18DAAB3C00ABFF7E /* ESCustomObject.h */ = {isa = PBXFileReference; fileEncoding = 4; lastKnownFileType = sourcecode.c.h; path = ESCustomObject.h; sourceTree = "<group>"; };
		2528964F18DAAB3C00ABFF7E /* ESCustomObject.m */ = {isa = PBXFileReference; fileEncoding = 4; lastKnownFileType = sourcecode.c.objc; path = ESCustomObject.m; sourceTree = "<group>"; };
/* End PBXFileReference section */

/* Begin PBXFrameworksBuildPhase section */
		2528963918DA8CEA00ABFF7E /* Frameworks */ = {
			isa = PBXFrameworksBuildPhase;
			buildActionMask = 2147483647;
			files = (
				2528963E18DA8CEB00ABFF7E /* XCTest.framework in Frameworks */,
			);
			runOnlyForDeploymentPostprocessing = 0;
		};
/* End PBXFrameworksBuildPhase section */

/* Begin PBXGroup section */
		2528961B18DA48C800ABFF7E = {
			isa = PBXGroup;
			children = (
				2528965118DAC37D00ABFF7E /* Category */,
				2528963F18DA8CEB00ABFF7E /* arrayMerge Tests */,
				2528962618DA48C800ABFF7E /* Frameworks */,
				2528962518DA48C800ABFF7E /* Products */,
			);
			sourceTree = "<group>";
		};
		2528962518DA48C800ABFF7E /* Products */ = {
			isa = PBXGroup;
			children = (
				2528963C18DA8CEB00ABFF7E /* arrayMerge Tests.xctest */,
			);
			name = Products;
			sourceTree = "<group>";
		};
		2528962618DA48C800ABFF7E /* Frameworks */ = {
			isa = PBXGroup;
			children = (
				2528962718DA48C800ABFF7E /* Foundation.framework */,
				2528963D18DA8CEB00ABFF7E /* XCTest.framework */,
			);
			name = Frameworks;
			sourceTree = "<group>";
		};
		2528963F18DA8CEB00ABFF7E /* arrayMerge Tests */ = {
			isa = PBXGroup;
			children = (
				2528964518DA8CEB00ABFF7E /* arrayMerge_Tests.m */,
				2528964018DA8CEB00ABFF7E /* Supporting Files */,
				2528964E18DAAB3C00ABFF7E /* ESCustomObject.h */,
				2528964F18DAAB3C00ABFF7E /* ESCustomObject.m */,
			);
			path = "arrayMerge Tests";
			sourceTree = "<group>";
		};
		2528964018DA8CEB00ABFF7E /* Supporting Files */ = {
			isa = PBXGroup;
			children = (
				2528964118DA8CEB00ABFF7E /* arrayMerge Tests-Info.plist */,
				2528964218DA8CEB00ABFF7E /* InfoPlist.strings */,
				2528964718DA8CEB00ABFF7E /* arrayMerge Tests-Prefix.pch */,
			);
			name = "Supporting Files";
			sourceTree = "<group>";
		};
		2528965118DAC37D00ABFF7E /* Category */ = {
			isa = PBXGroup;
			children = (
				2528963518DA7DDC00ABFF7E /* NSMutableArray+ESMutableArrayInsertion.h */,
				2528963618DA7DDC00ABFF7E /* NSMutableArray+ESMutableArrayInsertion.m */,
			);
			path = Category;
			sourceTree = "<group>";
		};
/* End PBXGroup section */

/* Begin PBXNativeTarget section */
		2528963B18DA8CEA00ABFF7E /* arrayMerge Tests */ = {
			isa = PBXNativeTarget;
			buildConfigurationList = 2528964A18DA8CEB00ABFF7E /* Build configuration list for PBXNativeTarget "arrayMerge Tests" */;
			buildPhases = (
				2528963818DA8CEA00ABFF7E /* Sources */,
				2528963918DA8CEA00ABFF7E /* Frameworks */,
				2528963A18DA8CEA00ABFF7E /* Resources */,
			);
			buildRules = (
			);
			dependencies = (
			);
			name = "arrayMerge Tests";
			productName = "arrayMerge Tests";
			productReference = 2528963C18DA8CEB00ABFF7E /* arrayMerge Tests.xctest */;
			productType = "com.apple.product-type.bundle.unit-test";
		};
/* End PBXNativeTarget section */

/* Begin PBXProject section */
		2528961C18DA48C800ABFF7E /* Project object */ = {
			isa = PBXProject;
			attributes = {
				LastUpgradeCheck = 0510;
				ORGANIZATIONNAME = Ionata;
				TargetAttributes = {
					2528963B18DA8CEA00ABFF7E = {
						TestTargetID = 2528962318DA48C800ABFF7E;
					};
				};
			};
			buildConfigurationList = 2528961F18DA48C800ABFF7E /* Build configuration list for PBXProject "arrayMerge" */;
			compatibilityVersion = "Xcode 3.2";
			developmentRegion = English;
			hasScannedForEncodings = 0;
			knownRegions = (
				en,
			);
			mainGroup = 2528961B18DA48C800ABFF7E;
			productRefGroup = 2528962518DA48C800ABFF7E /* Products */;
			projectDirPath = "";
			projectRoot = "";
			targets = (
				2528963B18DA8CEA00ABFF7E /* arrayMerge Tests */,
			);
		};
/* End PBXProject section */

/* Begin PBXResourcesBuildPhase section */
		2528963A18DA8CEA00ABFF7E /* Resources */ = {
			isa = PBXResourcesBuildPhase;
			buildActionMask = 2147483647;
			files = (
				2528964418DA8CEB00ABFF7E /* InfoPlist.strings in Resources */,
			);
			runOnlyForDeploymentPostprocessing = 0;
		};
/* End PBXResourcesBuildPhase section */

/* Begin PBXSourcesBuildPhase section */
		2528963818DA8CEA00ABFF7E /* Sources */ = {
			isa = PBXSourcesBuildPhase;
			buildActionMask = 2147483647;
			files = (
				2528965018DAAB3C00ABFF7E /* ESCustomObject.m in Sources */,
				2528964D18DA8FD900ABFF7E /* NSMutableArray+ESMutableArrayInsertion.m in Sources */,
				2528964618DA8CEB00ABFF7E /* arrayMerge_Tests.m in Sources */,
			);
			runOnlyForDeploymentPostprocessing = 0;
		};
/* End PBXSourcesBuildPhase section */

/* Begin PBXVariantGroup section */
		2528964218DA8CEB00ABFF7E /* InfoPlist.strings */ = {
			isa = PBXVariantGroup;
			children = (
				2528964318DA8CEB00ABFF7E /* en */,
			);
			name = InfoPlist.strings;
			sourceTree = "<group>";
		};
/* End PBXVariantGroup section */

/* Begin XCBuildConfiguration section */
		2528963018DA48C800ABFF7E /* Debug */ = {
			isa = XCBuildConfiguration;
			buildSettings = {
				ALWAYS_SEARCH_USER_PATHS = NO;
				CLANG_CXX_LANGUAGE_STANDARD = "gnu++0x";
				CLANG_CXX_LIBRARY = "libc++";
				CLANG_ENABLE_MODULES = YES;
				CLANG_ENABLE_OBJC_ARC = YES;
				CLANG_WARN_BOOL_CONVERSION = YES;
				CLANG_WARN_CONSTANT_CONVERSION = YES;
				CLANG_WARN_DIRECT_OBJC_ISA_USAGE = YES_ERROR;
				CLANG_WARN_EMPTY_BODY = YES;
				CLANG_WARN_ENUM_CONVERSION = YES;
				CLANG_WARN_INT_CONVERSION = YES;
				CLANG_WARN_OBJC_ROOT_CLASS = YES_ERROR;
				CLANG_WARN__DUPLICATE_METHOD_MATCH = YES;
				COPY_PHASE_STRIP = NO;
				GCC_C_LANGUAGE_STANDARD = gnu99;
				GCC_DYNAMIC_NO_PIC = NO;
				GCC_ENABLE_OBJC_EXCEPTIONS = YES;
				GCC_OPTIMIZATION_LEVEL = 0;
				GCC_PREPROCESSOR_DEFINITIONS = (
					"DEBUG=1",
					"$(inherited)",
				);
				GCC_SYMBOLS_PRIVATE_EXTERN = NO;
				GCC_WARN_64_TO_32_BIT_CONVERSION = YES;
				GCC_WARN_ABOUT_RETURN_TYPE = YES_ERROR;
				GCC_WARN_UNDECLARED_SELECTOR = YES;
				GCC_WARN_UNINITIALIZED_AUTOS = YES_AGGRESSIVE;
				GCC_WARN_UNUSED_FUNCTION = YES;
				GCC_WARN_UNUSED_VARIABLE = YES;
				MACOSX_DEPLOYMENT_TARGET = 10.9;
				ONLY_ACTIVE_ARCH = YES;
				SDKROOT = macosx;
			};
			name = Debug;
		};
		2528963118DA48C800ABFF7E /* Release */ = {
			isa = XCBuildConfiguration;
			buildSettings = {
				ALWAYS_SEARCH_USER_PATHS = NO;
				CLANG_CXX_LANGUAGE_STANDARD = "gnu++0x";
				CLANG_CXX_LIBRARY = "libc++";
				CLANG_ENABLE_MODULES = YES;
				CLANG_ENABLE_OBJC_ARC = YES;
				CLANG_WARN_BOOL_CONVERSION = YES;
				CLANG_WARN_CONSTANT_CONVERSION = YES;
				CLANG_WARN_DIRECT_OBJC_ISA_USAGE = YES_ERROR;
				CLANG_WARN_EMPTY_BODY = YES;
				CLANG_WARN_ENUM_CONVERSION = YES;
				CLANG_WARN_INT_CONVERSION = YES;
				CLANG_WARN_OBJC_ROOT_CLASS = YES_ERROR;
				CLANG_WARN__DUPLICATE_METHOD_MATCH = YES;
				COPY_PHASE_STRIP = YES;
				DEBUG_INFORMATION_FORMAT = "dwarf-with-dsym";
				ENABLE_NS_ASSERTIONS = NO;
				GCC_C_LANGUAGE_STANDARD = gnu99;
				GCC_ENABLE_OBJC_EXCEPTIONS = YES;
				GCC_WARN_64_TO_32_BIT_CONVERSION = YES;
				GCC_WARN_ABOUT_RETURN_TYPE = YES_ERROR;
				GCC_WARN_UNDECLARED_SELECTOR = YES;
				GCC_WARN_UNINITIALIZED_AUTOS = YES_AGGRESSIVE;
				GCC_WARN_UNUSED_FUNCTION = YES;
				GCC_WARN_UNUSED_VARIABLE = YES;
				MACOSX_DEPLOYMENT_TARGET = 10.9;
				SDKROOT = macosx;
			};
			name = Release;
		};
		2528964B18DA8CEB00ABFF7E /* Debug */ = {
			isa = XCBuildConfiguration;
			buildSettings = {
				FRAMEWORK_SEARCH_PATHS = (
					"$(DEVELOPER_FRAMEWORKS_DIR)",
					"$(inherited)",
				);
				GCC_PRECOMPILE_PREFIX_HEADER = YES;
				GCC_PREFIX_HEADER = "arrayMerge Tests/arrayMerge Tests-Prefix.pch";
				GCC_PREPROCESSOR_DEFINITIONS = (
					"DEBUG=1",
					"$(inherited)",
				);
				INFOPLIST_FILE = "arrayMerge Tests/arrayMerge Tests-Info.plist";
				PRODUCT_NAME = "$(TARGET_NAME)";
				WRAPPER_EXTENSION = xctest;
			};
			name = Debug;
		};
		2528964C18DA8CEB00ABFF7E /* Release */ = {
			isa = XCBuildConfiguration;
			buildSettings = {
				FRAMEWORK_SEARCH_PATHS = (
					"$(DEVELOPER_FRAMEWORKS_DIR)",
					"$(inherited)",
				);
				GCC_PRECOMPILE_PREFIX_HEADER = YES;
				GCC_PREFIX_HEADER = "arrayMerge Tests/arrayMerge Tests-Prefix.pch";
				INFOPLIST_FILE = "arrayMerge Tests/arrayMerge Tests-Info.plist";
				PRODUCT_NAME = "$(TARGET_NAME)";
				WRAPPER_EXTENSION = xctest;
			};
			name = Release;
		};
/* End XCBuildConfiguration section */

/* Begin XCConfigurationList section */
		2528961F18DA48C800ABFF7E /* Build configuration list for PBXProject "arrayMerge" */ = {
			isa = XCConfigurationList;
			buildConfigurations = (
				2528963018DA48C800ABFF7E /* Debug */,
				2528963118DA48C800ABFF7E /* Release */,
			);
			defaultConfigurationIsVisible = 0;
			defaultConfigurationName = Release;
		};
		2528964A18DA8CEB00ABFF7E /* Build configuration list for PBXNativeTarget "arrayMerge Tests" */ = {
			isa = XCConfigurationList;
			buildConfigurations = (
				2528964B18DA8CEB00ABFF7E /* Debug */,
				2528964C18DA8CEB00ABFF7E /* Release */,
			);
			defaultConfigurationIsVisible = 0;
		};
/* End XCConfigurationList section */
	};
	rootObject = 2528961C18DA48C800ABFF7E /* Project object */;
}
